
Microsoft Visual Studio Solution File, Format Version 11.00
# Visual Studio 2010
Project("{FAE04EC0-301F-11D3-BF4B-00C04F79EFBC}") = "Example.Core.Resources", "Example.Core.Resources\Example.Core.Resources.csproj", "{81D36C02-59E1-49B6-8320-37800D12A397}"
EndProject
Project("{FAE04EC0-301F-11D3-BF4B-00C04F79EFBC}") = "Example.Core.Tasks", "Example.Core.Tasks\Example.Core.Tasks.csproj", "{F94AF1C6-916E-4EEC-9FC1-F489ECD49231}"
EndProject
Project("{FAE04EC0-301F-11D3-BF4B-00C04F79EFBC}") = "Example.Client", "Example.Client\Example.Client.csproj", "{87FC455D-9A72-4B25-9F83-CDFED8F5571B}"
EndProject
Project("{FAE04EC0-301F-11D3-BF4B-00C04F79EFBC}") = "Example.RichClient", "Example.RichClient\Example.RichClient.csproj", "{DC787910-B1AD-442F-BF6D-4369C4A6E1CC}"
EndProject
Project("{FAE04EC0-301F-11D3-BF4B-00C04F79EFBC}") = "Example.RichClient.Web", "Example.RichClient.Web\Example.RichClient.Web.csproj", "{8DCDA240-BF4C-4045-B7F2-F4EAF01014AD}"
EndProject
Project("{FAE04EC0-301F-11D3-BF4B-00C04F79EFBC}") = "Example.Core.Tasks.RichClient", "Example.Core.Tasks.RichClient\Example.Core.Tasks.RichClient.csproj", "{B96FA205-8274-4D3D-82AB-6D31BF1449FA}"
EndProject
Global
	GlobalSection(SolutionConfigurationPlatforms) = preSolution
		Debug|Any CPU = Debug|Any CPU
		Debug|Mixed Platforms = Debug|Mixed Platforms
		Debug|x86 = Debug|x86
		Release|Any CPU = Release|Any CPU
		Release|Mixed Platforms = Release|Mixed Platforms
		Release|x86 = Release|x86
	EndGlobalSection
	GlobalSection(ProjectConfigurationPlatforms) = postSolution
		{81D36C02-59E1-49B6-8320-37800D12A397}.Debug|Any CPU.ActiveCfg = Debug|Any CPU
		{81D36C02-59E1-49B6-8320-37800D12A397}.Debug|Any CPU.Build.0 = Debug|Any CPU
		{81D36C02-59E1-49B6-8320-37800D12A397}.Debug|Mixed Platforms.ActiveCfg = Debug|Any CPU
		{81D36C02-59E1-49B6-8320-37800D12A397}.Debug|Mixed Platforms.Build.0 = Debug|Any CPU
		{81D36C02-59E1-49B6-8320-37800D12A397}.Debug|x86.ActiveCfg = Debug|Any CPU
		{81D36C02-59E1-49B6-8320-37800D12A397}.Release|Any CPU.ActiveCfg = Release|Any CPU
		{81D36C02-59E1-49B6-8320-37800D12A397}.Release|Any CPU.Build.0 = Release|Any CPU
		{81D36C02-59E1-49B6-8320-37800D12A397}.Release|Mixed Platforms.ActiveCfg = Release|Any CPU
		{81D36C02-59E1-49B6-8320-37800D12A397}.Release|Mixed Platforms.Build.0 = Release|Any CPU
		{81D36C02-59E1-49B6-8320-37800D12A397}.Release|x86.ActiveCfg = Release|Any CPU
		{F94AF1C6-916E-4EEC-9FC1-F489ECD49231}.Debug|Any CPU.ActiveCfg = Debug|Any CPU
		{F94AF1C6-916E-4EEC-9FC1-F489ECD49231}.Debug|Any CPU.Build.0 = Debug|Any CPU
		{F94AF1C6-916E-4EEC-9FC1-F489ECD49231}.Debug|Mixed Platforms.ActiveCfg = Debug|Any CPU
		{F94AF1C6-916E-4EEC-9FC1-F489ECD49231}.Debug|Mixed Platforms.Build.0 = Debug|Any CPU
		{F94AF1C6-916E-4EEC-9FC1-F489ECD49231}.Debug|x86.ActiveCfg = Debug|Any CPU
		{F94AF1C6-916E-4EEC-9FC1-F489ECD49231}.Release|Any CPU.ActiveCfg = Release|Any CPU
		{F94AF1C6-916E-4EEC-9FC1-F489ECD49231}.Release|Any CPU.Build.0 = Release|Any CPU
		{F94AF1C6-916E-4EEC-9FC1-F489ECD49231}.Release|Mixed Platforms.ActiveCfg = Release|Any CPU
		{F94AF1C6-916E-4EEC-9FC1-F489ECD49231}.Release|Mixed Platforms.Build.0 = Release|Any CPU
		{F94AF1C6-916E-4EEC-9FC1-F489ECD49231}.Release|x86.ActiveCfg = Release|Any CPU
		{87FC455D-9A72-4B25-9F83-CDFED8F5571B}.Debug|Any CPU.ActiveCfg = Debug|x86
		{87FC455D-9A72-4B25-9F83-CDFED8F5571B}.Debug|Mixed Platforms.ActiveCfg = Debug|x86
		{87FC455D-9A72-4B25-9F83-CDFED8F5571B}.Debug|Mixed Platforms.Build.0 = Debug|x86
		{87FC455D-9A72-4B25-9F83-CDFED8F5571B}.Debug|x86.ActiveCfg = Debug|x86
		{87FC455D-9A72-4B25-9F83-CDFED8F5571B}.Debug|x86.Build.0 = Debug|x86
		{87FC455D-9A72-4B25-9F83-CDFED8F5571B}.Release|Any CPU.ActiveCfg = Release|x86
		{87FC455D-9A72-4B25-9F83-CDFED8F5571B}.Release|Mixed Platforms.ActiveCfg = Release|x86
		{87FC455D-9A72-4B25-9F83-CDFED8F5571B}.Release|Mixed Platforms.Build.0 = Release|x86
		{87FC455D-9A72-4B25-9F83-CDFED8F5571B}.Release|x86.ActiveCfg = Release|x86
		{87FC455D-9A72-4B25-9F83-CDFED8F5571B}.Release|x86.Build.0 = Release|x86
		{DC787910-B1AD-442F-BF6D-4369C4A6E1CC}.Debug|Any CPU.ActiveCfg = Debug|Any CPU
		{DC787910-B1AD-442F-BF6D-4369C4A6E1CC}.Debug|Any CPU.Build.0 = Debug|Any CPU
		{DC787910-B1AD-442F-BF6D-4369C4A6E1CC}.Debug|Mixed Platforms.ActiveCfg = Debug|Any CPU
		{DC787910-B1AD-442F-BF6D-4369C4A6E1CC}.Debug|Mixed Platforms.Build.0 = Debug|Any CPU
		{DC787910-B1AD-442F-BF6D-4369C4A6E1CC}.Debug|x86.ActiveCfg = Debug|Any CPU
		{DC787910-B1AD-442F-BF6D-4369C4A6E1CC}.Release|Any CPU.ActiveCfg = Release|Any CPU
		{DC787910-B1AD-442F-BF6D-4369C4A6E1CC}.Release|Any CPU.Build.0 = Release|Any CPU
		{DC787910-B1AD-442F-BF6D-4369C4A6E1CC}.Release|Mixed Platforms.ActiveCfg = Release|Any CPU
		{DC787910-B1AD-442F-BF6D-4369C4A6E1CC}.Release|Mixed Platforms.Build.0 = Release|Any CPU
		{DC787910-B1AD-442F-BF6D-4369C4A6E1CC}.Release|x86.ActiveCfg = Release|Any CPU
		{8DCDA240-BF4C-4045-B7F2-F4EAF01014AD}.Debug|Any CPU.ActiveCfg = Debug|Any CPU
		{8DCDA240-BF4C-4045-B7F2-F4EAF01014AD}.Debug|Any CPU.Build.0 = Debug|Any CPU
		{8DCDA240-BF4C-4045-B7F2-F4EAF01014AD}.Debug|Mixed Platforms.ActiveCfg = Debug|Any CPU
		{8DCDA240-BF4C-4045-B7F2-F4EAF01014AD}.Debug|Mixed Platforms.Build.0 = Debug|Any CPU
		{8DCDA240-BF4C-4045-B7F2-F4EAF01014AD}.Debug|x86.ActiveCfg = Debug|Any CPU
		{8DCDA240-BF4C-4045-B7F2-F4EAF01014AD}.Release|Any CPU.ActiveCfg = Release|Any CPU
		{8DCDA240-BF4C-4045-B7F2-F4EAF01014AD}.Release|Any CPU.Build.0 = Release|Any CPU
		{8DCDA240-BF4C-4045-B7F2-F4EAF01014AD}.Release|Mixed Platforms.ActiveCfg = Release|Any CPU
		{8DCDA240-BF4C-4045-B7F2-F4EAF01014AD}.Release|Mixed Platforms.Build.0 = Release|Any CPU
		{8DCDA240-BF4C-4045-B7F2-F4EAF01014AD}.Release|x86.ActiveCfg = Release|Any CPU
		{B96FA205-8274-4D3D-82AB-6D31BF1449FA}.Debug|Any CPU.ActiveCfg = Debug|Any CPU
		{B96FA205-8274-4D3D-82AB-6D31BF1449FA}.Debug|Any CPU.Build.0 = Debug|Any CPU
		{B96FA205-8274-4D3D-82AB-6D31BF1449FA}.Debug|Mixed Platforms.ActiveCfg = Debug|Any CPU
		{B96FA205-8274-4D3D-82AB-6D31BF1449FA}.Debug|Mixed Platforms.Build.0 = Debug|Any CPU
		{B96FA205-8274-4D3D-82AB-6D31BF1449FA}.Debug|x86.ActiveCfg = Debug|Any CPU
		{B96FA205-8274-4D3D-82AB-6D31BF1449FA}.Release|Any CPU.ActiveCfg = Release|Any CPU
		{B96FA205-8274-4D3D-82AB-6D31BF1449FA}.Release|Any CPU.Build.0 = Release|Any CPU
		{B96FA205-8274-4D3D-82AB-6D31BF1449FA}.Release|Mixed Platforms.ActiveCfg = Release|Any CPU
		{B96FA205-8274-4D3D-82AB-6D31BF1449FA}.Release|Mixed Platforms.Build.0 = Release|Any CPU
		{B96FA205-8274-4D3D-82AB-6D31BF1449FA}.Release|x86.ActiveCfg = Release|Any CPU
	EndGlobalSection
	GlobalSection(SolutionProperties) = preSolution
		HideSolutionNode = FALSE
	EndGlobalSection
EndGlobal
