
Microsoft Visual Studio Solution File, Format Version 12.00
# Visual Studio 2013
VisualStudioVersion = 12.0.30723.0
MinimumVisualStudioVersion = 10.0.40219.1
Project("{FAE04EC0-301F-11D3-BF4B-00C04F79EFBC}") = "AngularJsUnitTesting", "AngularJsUnitTesting/AngularJsUnitTesting.csproj", "{824A0050-304E-46A1-9E4F-C1C5499C91BF}"
EndProject
Global
	GlobalSection(SolutionConfigurationPlatforms) = preSolution
		Debug|Any CPU = Debug|Any CPU
		Release|Any CPU = Release|Any CPU
	EndGlobalSection
	GlobalSection(ProjectConfigurationPlatforms) = postSolution
		{824A0050-304E-46A1-9E4F-C1C5499C91BF}.Debug|Any CPU.ActiveCfg = Debug|Any CPU
		{824A0050-304E-46A1-9E4F-C1C5499C91BF}.Debug|Any CPU.Build.0 = Debug|Any CPU
		{824A0050-304E-46A1-9E4F-C1C5499C91BF}.Release|Any CPU.ActiveCfg = Release|Any CPU
		{824A0050-304E-46A1-9E4F-C1C5499C91BF}.Release|Any CPU.Build.0 = Release|Any CPU
	EndGlobalSection
	GlobalSection(SolutionProperties) = preSolution
		HideSolutionNode = FALSE
	EndGlobalSection
EndGlobal
